<?xml version="1.0" encoding="utf-8"?>
<Project ToolsVersion="4.0" xmlns="http://schemas.microsoft.com/developer/msbuild/2003">
  <ItemGroup>
    <Filter Include="win32">
      <UniqueIdentifier>{84a8ebd7-7cf0-47f6-b75e-d441df67da40}</UniqueIdentifier>
    </Filter>
    <Filter Include="Classes">
      <UniqueIdentifier>{bb6c862e-70e9-49d9-81b7-3829a6f50471}</UniqueIdentifier>
    </Filter>
    <Filter Include="resource">
      <UniqueIdentifier>{715254bc-d70b-4ec5-bf29-467dd3ace079}</UniqueIdentifier>
    </Filter>
    <Filter Include="Classes\Home">
      <UniqueIdentifier>{98f6078f-2491-4300-97be-a530867e5778}</UniqueIdentifier>
    </Filter>
    <Filter Include="Classes\Common">
      <UniqueIdentifier>{05d8a810-91eb-43a7-af95-760fd051e7b8}</UniqueIdentifier>
    </Filter>
    <Filter Include="Classes\Splash">
      <UniqueIdentifier>{3be6e0ed-2d4e-4b20-9dc3-d9f6b767b951}</UniqueIdentifier>
    </Filter>
    <Filter Include="Classes\Levels">
      <UniqueIdentifier>{fa9ee270-e1c8-47b5-a1d3-df14beb24356}</UniqueIdentifier>
    </Filter>
  </ItemGroup>
  <ItemGroup>
    <ClCompile Include="main.cpp">
      <Filter>win32</Filter>
    </ClCompile>
    <ClCompile Include="..\Classes\AppDelegate.cpp">
      <Filter>Classes</Filter>
    </ClCompile>
    <ClCompile Include="..\Classes\Splash\SplashScene.cpp">
      <Filter>Classes\Splash</Filter>
    </ClCompile>
    <ClCompile Include="..\Classes\Util.cpp">
      <Filter>Classes</Filter>
    </ClCompile>
    <ClCompile Include="..\Classes\Home\HomeScene.cpp">
      <Filter>Classes\Home</Filter>
    </ClCompile>
    <ClCompile Include="..\Classes\Levels\LevelsScene.cpp">
      <Filter>Classes\Levels</Filter>
    </ClCompile>
    <ClCompile Include="..\Classes\Levels\ChapterScene.cpp">
      <Filter>Classes\Levels</Filter>
    </ClCompile>
  </ItemGroup>
  <ItemGroup>
    <ClInclude Include="main.h">
      <Filter>win32</Filter>
    </ClInclude>
    <ClInclude Include="..\Classes\AppDelegate.h">
      <Filter>Classes</Filter>
    </ClInclude>
    <ClInclude Include="..\Classes\Global.h">
      <Filter>Classes</Filter>
    </ClInclude>
    <ClInclude Include="..\Classes\Splash\SplashScene.h">
      <Filter>Classes\Splash</Filter>
    </ClInclude>
    <ClInclude Include="..\Classes\Util.h">
      <Filter>Classes</Filter>
    </ClInclude>
    <ClInclude Include="..\Classes\Home\HomeScene.h">
      <Filter>Classes\Home</Filter>
    </ClInclude>
    <ClInclude Include="..\Classes\Levels\LevelsScene.h">
      <Filter>Classes\Levels</Filter>
    </ClInclude>
    <ClInclude Include="..\Classes\Levels\ChapterScene.h">
      <Filter>Classes\Levels</Filter>
    </ClInclude>
  </ItemGroup>
  <ItemGroup>
    <ResourceCompile Include="game.rc">
      <Filter>resource</Filter>
    </ResourceCompile>
  </ItemGroup>
  <ItemGroup>
    <None Include="ClassDiagram.cd" />
  </ItemGroup>
</Project>